
Microsoft Visual Studio Solution File, Format Version 12.00
# Visual Studio Version 17
VisualStudioVersion = 17.3.32929.385
MinimumVisualStudioVersion = 10.0.40219.1
Project("{FAE04EC0-301F-11D3-BF4B-00C04F79EFBC}") = "PHARAOH", "PHARAOH\PHARAOH.csproj", "{8909E80B-2037-4FBA-914A-E10AAE3012B9}"
EndProject
Global
	GlobalSection(SolutionConfigurationPlatforms) = preSolution
		Debug|Any CPU = Debug|Any CPU
		Release|Any CPU = Release|Any CPU
	EndGlobalSection
	GlobalSection(ProjectConfigurationPlatforms) = postSolution
		{8909E80B-2037-4FBA-914A-E10AAE3012B9}.Debug|Any CPU.ActiveCfg = Debug|Any CPU
		{8909E80B-2037-4FBA-914A-E10AAE3012B9}.Debug|Any CPU.Build.0 = Debug|Any CPU
		{8909E80B-2037-4FBA-914A-E10AAE3012B9}.Release|Any CPU.ActiveCfg = Release|Any CPU
		{8909E80B-2037-4FBA-914A-E10AAE3012B9}.Release|Any CPU.Build.0 = Release|Any CPU
	EndGlobalSection
	GlobalSection(SolutionProperties) = preSolution
		HideSolutionNode = FALSE
	EndGlobalSection
	GlobalSection(ExtensibilityGlobals) = postSolution
		SolutionGuid = {7B990AFF-65A5-40A0-87F4-461079241E2C}
	EndGlobalSection
EndGlobal
